// !$*UTF8*$!
{
	archiveVersion = 1;
	classes = {
	};
	objectVersion = 46;
	objects = {

/* Begin PBXBuildFile section */
		5FA9824618B40CFA00F62E37 /* Foundation.framework in Frameworks */ = {isa = PBXBuildFile; fileRef = 5FA9824518B40CFA00F62E37 /* Foundation.framework */; };
		5FA9824818B40CFA00F62E37 /* CoreGraphics.framework in Frameworks */ = {isa = PBXBuildFile; fileRef = 5FA9824718B40CFA00F62E37 /* CoreGraphics.framework */; };
		5FA9824A18B40CFA00F62E37 /* UIKit.framework in Frameworks */ = {isa = PBXBuildFile; fileRef = 5FA9824918B40CFA00F62E37 /* UIKit.framework */; };
		5FA9828F18B5052C00F62E37 /* QuartzCore.framework in Frameworks */ = {isa = PBXBuildFile; fileRef = 5FA9828E18B5052C00F62E37 /* QuartzCore.framework */; };
		5FA982B518B5124C00F62E37 /* InfoPlist.strings in Resources */ = {isa = PBXBuildFile; fileRef = 5FA982A918B5124C00F62E37 /* InfoPlist.strings */; };
		5FA982B618B5124C00F62E37 /* Images.xcassets in Resources */ = {isa = PBXBuildFile; fileRef = 5FA982AB18B5124C00F62E37 /* Images.xcassets */; };
		5FA982B718B5124C00F62E37 /* main.m in Sources */ = {isa = PBXBuildFile; fileRef = 5FA982AC18B5124C00F62E37 /* main.m */; };
		5FA982B818B5124C00F62E37 /* SQAppDelegate.m in Sources */ = {isa = PBXBuildFile; fileRef = 5FA982AE18B5124C00F62E37 /* SQAppDelegate.m */; };
		5FA982B918B5124C00F62E37 /* SQExampleViewController.m in Sources */ = {isa = PBXBuildFile; fileRef = 5FA982B018B5124C00F62E37 /* SQExampleViewController.m */; };
		5FA982BA18B5124C00F62E37 /* SQExpandingTableView-Info.plist in Resources */ = {isa = PBXBuildFile; fileRef = 5FA982B118B5124C00F62E37 /* SQExpandingTableView-Info.plist */; };
		5FA982BB18B5124C00F62E37 /* SQExpandingTableView.m in Sources */ = {isa = PBXBuildFile; fileRef = 5FA982B418B5124C00F62E37 /* SQExpandingTableView.m */; };
/* End PBXBuildFile section */

/* Begin PBXFileReference section */
		5FA9824218B40CFA00F62E37 /* SQExpandingTableView.app */ = {isa = PBXFileReference; explicitFileType = wrapper.application; includeInIndex = 0; path = SQExpandingTableView.app; sourceTree = BUILT_PRODUCTS_DIR; };
		5FA9824518B40CFA00F62E37 /* Foundation.framework */ = {isa = PBXFileReference; lastKnownFileType = wrapper.framework; name = Foundation.framework; path = System/Library/Frameworks/Foundation.framework; sourceTree = SDKROOT; };
		5FA9824718B40CFA00F62E37 /* CoreGraphics.framework */ = {isa = PBXFileReference; lastKnownFileType = wrapper.framework; name = CoreGraphics.framework; path = System/Library/Frameworks/CoreGraphics.framework; sourceTree = SDKROOT; };
		5FA9824918B40CFA00F62E37 /* UIKit.framework */ = {isa = PBXFileReference; lastKnownFileType = wrapper.framework; name = UIKit.framework; path = System/Library/Frameworks/UIKit.framework; sourceTree = SDKROOT; };
		5FA9825E18B40CFA00F62E37 /* XCTest.framework */ = {isa = PBXFileReference; lastKnownFileType = wrapper.framework; name = XCTest.framework; path = Library/Frameworks/XCTest.framework; sourceTree = DEVELOPER_DIR; };
		5FA9828E18B5052C00F62E37 /* QuartzCore.framework */ = {isa = PBXFileReference; lastKnownFileType = wrapper.framework; name = QuartzCore.framework; path = System/Library/Frameworks/QuartzCore.framework; sourceTree = SDKROOT; };
		5FA982AA18B5124C00F62E37 /* en */ = {isa = PBXFileReference; lastKnownFileType = text.plist.strings; name = en; path = InfoPlist.strings; sourceTree = "<group>"; };
		5FA982AB18B5124C00F62E37 /* Images.xcassets */ = {isa = PBXFileReference; lastKnownFileType = folder.assetcatalog; name = Images.xcassets; path = ExampleProject/Images.xcassets; sourceTree = SOURCE_ROOT; };
		5FA982AC18B5124C00F62E37 /* main.m */ = {isa = PBXFileReference; fileEncoding = 4; lastKnownFileType = sourcecode.c.objc; name = main.m; path = ExampleProject/main.m; sourceTree = SOURCE_ROOT; };
		5FA982AD18B5124C00F62E37 /* SQAppDelegate.h */ = {isa = PBXFileReference; fileEncoding = 4; lastKnownFileType = sourcecode.c.h; name = SQAppDelegate.h; path = ExampleProject/SQAppDelegate.h; sourceTree = SOURCE_ROOT; };
		5FA982AE18B5124C00F62E37 /* SQAppDelegate.m */ = {isa = PBXFileReference; fileEncoding = 4; lastKnownFileType = sourcecode.c.objc; name = SQAppDelegate.m; path = ExampleProject/SQAppDelegate.m; sourceTree = SOURCE_ROOT; };
		5FA982AF18B5124C00F62E37 /* SQExampleViewController.h */ = {isa = PBXFileReference; fileEncoding = 4; lastKnownFileType = sourcecode.c.h; name = SQExampleViewController.h; path = ExampleProject/SQExampleViewController.h; sourceTree = SOURCE_ROOT; };
		5FA982B018B5124C00F62E37 /* SQExampleViewController.m */ = {isa = PBXFileReference; fileEncoding = 4; lastKnownFileType = sourcecode.c.objc; name = SQExampleViewController.m; path = ExampleProject/SQExampleViewController.m; sourceTree = SOURCE_ROOT; };
		5FA982B118B5124C00F62E37 /* SQExpandingTableView-Info.plist */ = {isa = PBXFileReference; fileEncoding = 4; lastKnownFileType = text.plist.xml; name = "SQExpandingTableView-Info.plist"; path = "ExampleProject/SQExpandingTableView-Info.plist"; sourceTree = SOURCE_ROOT; };
		5FA982B218B5124C00F62E37 /* SQExpandingTableView-Prefix.pch */ = {isa = PBXFileReference; fileEncoding = 4; lastKnownFileType = sourcecode.c.h; name = "SQExpandingTableView-Prefix.pch"; path = "ExampleProject/SQExpandingTableView-Prefix.pch"; sourceTree = SOURCE_ROOT; };
		5FA982B318B5124C00F62E37 /* SQExpandingTableView.h */ = {isa = PBXFileReference; fileEncoding = 4; lastKnownFileType = sourcecode.c.h; name = SQExpandingTableView.h; path = ExampleProject/SQExpandingTableView.h; sourceTree = SOURCE_ROOT; };
		5FA982B418B5124C00F62E37 /* SQExpandingTableView.m */ = {isa = PBXFileReference; fileEncoding = 4; lastKnownFileType = sourcecode.c.objc; name = SQExpandingTableView.m; path = ExampleProject/SQExpandingTableView.m; sourceTree = SOURCE_ROOT; };
/* End PBXFileReference section */

/* Begin PBXFrameworksBuildPhase section */
		5FA9823F18B40CFA00F62E37 /* Frameworks */ = {
			isa = PBXFrameworksBuildPhase;
			buildActionMask = 2147483647;
			files = (
				5FA9828F18B5052C00F62E37 /* QuartzCore.framework in Frameworks */,
				5FA9824818B40CFA00F62E37 /* CoreGraphics.framework in Frameworks */,
				5FA9824A18B40CFA00F62E37 /* UIKit.framework in Frameworks */,
				5FA9824618B40CFA00F62E37 /* Foundation.framework in Frameworks */,
			);
			runOnlyForDeploymentPostprocessing = 0;
		};
/* End PBXFrameworksBuildPhase section */

/* Begin PBXGroup section */
		5FA9823918B40CFA00F62E37 = {
			isa = PBXGroup;
			children = (
				5FA9824B18B40CFA00F62E37 /* Example */,
				5FA9824418B40CFA00F62E37 /* Frameworks */,
				5FA9824318B40CFA00F62E37 /* Products */,
			);
			sourceTree = "<group>";
		};
		5FA9824318B40CFA00F62E37 /* Products */ = {
			isa = PBXGroup;
			children = (
				5FA9824218B40CFA00F62E37 /* SQExpandingTableView.app */,
			);
			name = Products;
			sourceTree = "<group>";
		};
		5FA9824418B40CFA00F62E37 /* Frameworks */ = {
			isa = PBXGroup;
			children = (
				5FA9828E18B5052C00F62E37 /* QuartzCore.framework */,
				5FA9824518B40CFA00F62E37 /* Foundation.framework */,
				5FA9824718B40CFA00F62E37 /* CoreGraphics.framework */,
				5FA9824918B40CFA00F62E37 /* UIKit.framework */,
				5FA9825E18B40CFA00F62E37 /* XCTest.framework */,
			);
			name = Frameworks;
			sourceTree = "<group>";
		};
		5FA9824B18B40CFA00F62E37 /* Example */ = {
			isa = PBXGroup;
			children = (
				5FA982AD18B5124C00F62E37 /* SQAppDelegate.h */,
				5FA982AE18B5124C00F62E37 /* SQAppDelegate.m */,
				5FA982AF18B5124C00F62E37 /* SQExampleViewController.h */,
				5FA982B018B5124C00F62E37 /* SQExampleViewController.m */,
				5FA982B318B5124C00F62E37 /* SQExpandingTableView.h */,
				5FA982B418B5124C00F62E37 /* SQExpandingTableView.m */,
				5FA9824C18B40CFA00F62E37 /* Supporting Files */,
			);
			name = Example;
			path = SQBetaUI;
			sourceTree = "<group>";
		};
		5FA9824C18B40CFA00F62E37 /* Supporting Files */ = {
			isa = PBXGroup;
			children = (
				5FA982B118B5124C00F62E37 /* SQExpandingTableView-Info.plist */,
				5FA982B218B5124C00F62E37 /* SQExpandingTableView-Prefix.pch */,
				5FA982A818B5124C00F62E37 /* en.lproj */,
				5FA982AB18B5124C00F62E37 /* Images.xcassets */,
				5FA982AC18B5124C00F62E37 /* main.m */,
			);
			name = "Supporting Files";
			sourceTree = "<group>";
		};
		5FA982A818B5124C00F62E37 /* en.lproj */ = {
			isa = PBXGroup;
			children = (
				5FA982A918B5124C00F62E37 /* InfoPlist.strings */,
			);
			name = en.lproj;
			path = ExampleProject/en.lproj;
			sourceTree = SOURCE_ROOT;
		};
/* End PBXGroup section */

/* Begin PBXNativeTarget section */
		5FA9824118B40CFA00F62E37 /* SQExpandingTableView */ = {
			isa = PBXNativeTarget;
			buildConfigurationList = 5FA9826E18B40CFB00F62E37 /* Build configuration list for PBXNativeTarget "SQExpandingTableView" */;
			buildPhases = (
				5FA9823E18B40CFA00F62E37 /* Sources */,
				5FA9823F18B40CFA00F62E37 /* Frameworks */,
				5FA9824018B40CFA00F62E37 /* Resources */,
			);
			buildRules = (
			);
			dependencies = (
			);
			name = SQExpandingTableView;
			productName = SQBetaUI;
			productReference = 5FA9824218B40CFA00F62E37 /* SQExpandingTableView.app */;
			productType = "com.apple.product-type.application";
		};
/* End PBXNativeTarget section */

/* Begin PBXProject section */
		5FA9823A18B40CFA00F62E37 /* Project object */ = {
			isa = PBXProject;
			attributes = {
				CLASSPREFIX = SQ;
				LastUpgradeCheck = 0510;
				ORGANIZATIONNAME = "___FULLUSERNAME___";
			};
			buildConfigurationList = 5FA9823D18B40CFA00F62E37 /* Build configuration list for PBXProject "SQExpandingTableView" */;
			compatibilityVersion = "Xcode 3.2";
			developmentRegion = English;
			hasScannedForEncodings = 0;
			knownRegions = (
				en,
			);
			mainGroup = 5FA9823918B40CFA00F62E37;
			productRefGroup = 5FA9824318B40CFA00F62E37 /* Products */;
			projectDirPath = "";
			projectRoot = "";
			targets = (
				5FA9824118B40CFA00F62E37 /* SQExpandingTableView */,
			);
		};
/* End PBXProject section */

/* Begin PBXResourcesBuildPhase section */
		5FA9824018B40CFA00F62E37 /* Resources */ = {
			isa = PBXResourcesBuildPhase;
			buildActionMask = 2147483647;
			files = (
				5FA982B518B5124C00F62E37 /* InfoPlist.strings in Resources */,
				5FA982B618B5124C00F62E37 /* Images.xcassets in Resources */,
				5FA982BA18B5124C00F62E37 /* SQExpandingTableView-Info.plist in Resources */,
			);
			runOnlyForDeploymentPostprocessing = 0;
		};
/* End PBXResourcesBuildPhase section */

/* Begin PBXSourcesBuildPhase section */
		5FA9823E18B40CFA00F62E37 /* Sources */ = {
			isa = PBXSourcesBuildPhase;
			buildActionMask = 2147483647;
			files = (
				5FA982B818B5124C00F62E37 /* SQAppDelegate.m in Sources */,
				5FA982B918B5124C00F62E37 /* SQExampleViewController.m in Sources */,
				5FA982BB18B5124C00F62E37 /* SQExpandingTableView.m in Sources */,
				5FA982B718B5124C00F62E37 /* main.m in Sources */,
			);
			runOnlyForDeploymentPostprocessing = 0;
		};
/* End PBXSourcesBuildPhase section */

/* Begin PBXVariantGroup section */
		5FA982A918B5124C00F62E37 /* InfoPlist.strings */ = {
			isa = PBXVariantGroup;
			children = (
				5FA982AA18B5124C00F62E37 /* en */,
			);
			name = InfoPlist.strings;
			sourceTree = "<group>";
		};
/* End PBXVariantGroup section */

/* Begin XCBuildConfiguration section */
		5FA9826C18B40CFB00F62E37 /* Debug */ = {
			isa = XCBuildConfiguration;
			buildSettings = {
				ALWAYS_SEARCH_USER_PATHS = NO;
				CLANG_CXX_LANGUAGE_STANDARD = "gnu++0x";
				CLANG_CXX_LIBRARY = "libc++";
				CLANG_ENABLE_MODULES = YES;
				CLANG_ENABLE_OBJC_ARC = YES;
				CLANG_WARN_BOOL_CONVERSION = YES;
				CLANG_WARN_CONSTANT_CONVERSION = YES;
				CLANG_WARN_DIRECT_OBJC_ISA_USAGE = YES_ERROR;
				CLANG_WARN_EMPTY_BODY = YES;
				CLANG_WARN_ENUM_CONVERSION = YES;
				CLANG_WARN_INT_CONVERSION = YES;
				CLANG_WARN_OBJC_ROOT_CLASS = YES_ERROR;
				CLANG_WARN__DUPLICATE_METHOD_MATCH = YES;
				"CODE_SIGN_IDENTITY[sdk=iphoneos*]" = "iPhone Developer";
				COPY_PHASE_STRIP = NO;
				GCC_C_LANGUAGE_STANDARD = gnu99;
				GCC_DYNAMIC_NO_PIC = NO;
				GCC_OPTIMIZATION_LEVEL = 0;
				GCC_PREPROCESSOR_DEFINITIONS = (
					"DEBUG=1",
					"$(inherited)",
				);
				GCC_SYMBOLS_PRIVATE_EXTERN = NO;
				GCC_WARN_64_TO_32_BIT_CONVERSION = YES;
				GCC_WARN_ABOUT_RETURN_TYPE = YES_ERROR;
				GCC_WARN_UNDECLARED_SELECTOR = YES;
				GCC_WARN_UNINITIALIZED_AUTOS = YES_AGGRESSIVE;
				GCC_WARN_UNUSED_FUNCTION = YES;
				GCC_WARN_UNUSED_VARIABLE = YES;
				IPHONEOS_DEPLOYMENT_TARGET = 7.1;
				ONLY_ACTIVE_ARCH = YES;
				SDKROOT = iphoneos;
			};
			name = Debug;
		};
		5FA9826D18B40CFB00F62E37 /* Release */ = {
			isa = XCBuildConfiguration;
			buildSettings = {
				ALWAYS_SEARCH_USER_PATHS = NO;
				CLANG_CXX_LANGUAGE_STANDARD = "gnu++0x";
				CLANG_CXX_LIBRARY = "libc++";
				CLANG_ENABLE_MODULES = YES;
				CLANG_ENABLE_OBJC_ARC = YES;
				CLANG_WARN_BOOL_CONVERSION = YES;
				CLANG_WARN_CONSTANT_CONVERSION = YES;
				CLANG_WARN_DIRECT_OBJC_ISA_USAGE = YES_ERROR;
				CLANG_WARN_EMPTY_BODY = YES;
				CLANG_WARN_ENUM_CONVERSION = YES;
				CLANG_WARN_INT_CONVERSION = YES;
				CLANG_WARN_OBJC_ROOT_CLASS = YES_ERROR;
				CLANG_WARN__DUPLICATE_METHOD_MATCH = YES;
				"CODE_SIGN_IDENTITY[sdk=iphoneos*]" = "iPhone Developer";
				COPY_PHASE_STRIP = YES;
				ENABLE_NS_ASSERTIONS = NO;
				GCC_C_LANGUAGE_STANDARD = gnu99;
				GCC_WARN_64_TO_32_BIT_CONVERSION = YES;
				GCC_WARN_ABOUT_RETURN_TYPE = YES_ERROR;
				GCC_WARN_UNDECLARED_SELECTOR = YES;
				GCC_WARN_UNINITIALIZED_AUTOS = YES_AGGRESSIVE;
				GCC_WARN_UNUSED_FUNCTION = YES;
				GCC_WARN_UNUSED_VARIABLE = YES;
				IPHONEOS_DEPLOYMENT_TARGET = 7.1;
				SDKROOT = iphoneos;
				VALIDATE_PRODUCT = YES;
			};
			name = Release;
		};
		5FA9826F18B40CFB00F62E37 /* Debug */ = {
			isa = XCBuildConfiguration;
			buildSettings = {
				ASSETCATALOG_COMPILER_APPICON_NAME = AppIcon;
				ASSETCATALOG_COMPILER_LAUNCHIMAGE_NAME = LaunchImage;
				GCC_PRECOMPILE_PREFIX_HEADER = YES;
				GCC_PREFIX_HEADER = "ExampleProject/SQExpandingTableView-Prefix.pch";
				INFOPLIST_FILE = "ExampleProject/SQExpandingTableView-Info.plist";
				PRODUCT_NAME = SQExpandingTableView;
				WRAPPER_EXTENSION = app;
			};
			name = Debug;
		};
		5FA9827018B40CFB00F62E37 /* Release */ = {
			isa = XCBuildConfiguration;
			buildSettings = {
				ASSETCATALOG_COMPILER_APPICON_NAME = AppIcon;
				ASSETCATALOG_COMPILER_LAUNCHIMAGE_NAME = LaunchImage;
				GCC_PRECOMPILE_PREFIX_HEADER = YES;
				GCC_PREFIX_HEADER = "ExampleProject/SQExpandingTableView-Prefix.pch";
				INFOPLIST_FILE = "ExampleProject/SQExpandingTableView-Info.plist";
				PRODUCT_NAME = SQExpandingTableView;
				WRAPPER_EXTENSION = app;
			};
			name = Release;
		};
/* End XCBuildConfiguration section */

/* Begin XCConfigurationList section */
		5FA9823D18B40CFA00F62E37 /* Build configuration list for PBXProject "SQExpandingTableView" */ = {
			isa = XCConfigurationList;
			buildConfigurations = (
				5FA9826C18B40CFB00F62E37 /* Debug */,
				5FA9826D18B40CFB00F62E37 /* Release */,
			);
			defaultConfigurationIsVisible = 0;
			defaultConfigurationName = Release;
		};
		5FA9826E18B40CFB00F62E37 /* Build configuration list for PBXNativeTarget "SQExpandingTableView" */ = {
			isa = XCConfigurationList;
			buildConfigurations = (
				5FA9826F18B40CFB00F62E37 /* Debug */,
				5FA9827018B40CFB00F62E37 /* Release */,
			);
			defaultConfigurationIsVisible = 0;
			defaultConfigurationName = Release;
		};
/* End XCConfigurationList section */
	};
	rootObject = 5FA9823A18B40CFA00F62E37 /* Project object */;
}
